
Microsoft Visual Studio Solution File, Format Version 12.00
# Visual Studio Version 17
VisualStudioVersion = 17.7.34024.191
MinimumVisualStudioVersion = 10.0.40219.1
Project("{FAE04EC0-301F-11D3-BF4B-00C04F79EFBC}") = "MiniStoreManagement", "MiniStoreManagement\MiniStoreManagement.csproj", "{31983FF4-84A1-4368-B403-2C643774066B}"
EndProject
Global
	GlobalSection(SolutionConfigurationPlatforms) = preSolution
		Debug|Any CPU = Debug|Any CPU
		Release|Any CPU = Release|Any CPU
	EndGlobalSection
	GlobalSection(ProjectConfigurationPlatforms) = postSolution
		{31983FF4-84A1-4368-B403-2C643774066B}.Debug|Any CPU.ActiveCfg = Debug|Any CPU
		{31983FF4-84A1-4368-B403-2C643774066B}.Debug|Any CPU.Build.0 = Debug|Any CPU
		{31983FF4-84A1-4368-B403-2C643774066B}.Release|Any CPU.ActiveCfg = Release|Any CPU
		{31983FF4-84A1-4368-B403-2C643774066B}.Release|Any CPU.Build.0 = Release|Any CPU
	EndGlobalSection
	GlobalSection(SolutionProperties) = preSolution
		HideSolutionNode = FALSE
	EndGlobalSection
	GlobalSection(ExtensibilityGlobals) = postSolution
		SolutionGuid = {85210B81-2024-460F-8DAF-8370661CEDA7}
	EndGlobalSection
EndGlobal
